speakeasyVersion: 1.462.2
sources:
    SDK Review:
        sourceNamespace: sdk-review
        sourceRevisionDigest: sha256:892ad6c17da6146a7699deccc76f3de2190bd8156f5b658f1d43954d8e553146
        sourceBlobDigest: sha256:a03e01d956eb0ea9203df67b431cf5f6de28a58e4086768424f20d902a924d89
        tags:
            - latest
            - speakeasy-sdk-regen-1736126833
            - 0.1.0
targets:
    sdk-platform-test:
        source: SDK Review
        sourceNamespace: sdk-review
        sourceRevisionDigest: sha256:892ad6c17da6146a7699deccc76f3de2190bd8156f5b658f1d43954d8e553146
        sourceBlobDigest: sha256:a03e01d956eb0ea9203df67b431cf5f6de28a58e4086768424f20d902a924d89
workflow:
    workflowVersion: 1.0.0
    speakeasyVersion: latest
    sources:
        SDK Review:
            inputs:
                - location: ./openapi.yaml
            registry:
                location: registry.speakeasyapi.dev/tristan-test/sdk-platform-test/sdk-review
    targets:
        sdk-platform-test:
            target: go
            source: SDK Review
            codeSamples:
                registry:
                    location: registry.speakeasyapi.dev/tristan-test/sdk-platform-test/sdk-review-go-code-samples
                labelOverride:
                    fixedValue: Go (SDK)
                blocking: false
            testing:
                enabled: true
