speakeasyVersion: 1.622.1
sources:
    SDK Review:
        sourceNamespace: sdk-review
        sourceRevisionDigest: sha256:b551adb4e35a72ff5423321f6b7a6cca7218dad3374b753f9214b1df6aa1bd3e
        sourceBlobDigest: sha256:1e3c1cbaa672438887e3c30274a857b0920dc19a9b004b4f46ec962fd1712c56
        tags:
            - latest
            - speakeasy-sdk-regen-1736126833
            - 0.1.0
targets:
    sdk-platform-test:
        source: SDK Review
        sourceNamespace: sdk-review
        sourceRevisionDigest: sha256:b551adb4e35a72ff5423321f6b7a6cca7218dad3374b753f9214b1df6aa1bd3e
        sourceBlobDigest: sha256:1e3c1cbaa672438887e3c30274a857b0920dc19a9b004b4f46ec962fd1712c56
workflow:
    workflowVersion: 1.0.0
    speakeasyVersion: latest
    sources:
        SDK Review:
            inputs:
                - location: ./openapi.yaml
            registry:
                location: registry.speakeasyapi.dev/tristan-test/sdk-platform-test/sdk-review
    targets:
        sdk-platform-test:
            target: go
            source: SDK Review
            codeSamples:
                registry:
                    location: registry.speakeasyapi.dev/tristan-test/sdk-platform-test/sdk-review-go-code-samples
                labelOverride:
                    fixedValue: Go (SDK)
                blocking: false
            testing:
                enabled: true
